
Microsoft Visual Studio Solution File, Format Version 12.00
# Visual Studio Version 17
VisualStudioVersion = 17.0.31903.59
MinimumVisualStudioVersion = 10.0.40219.1
Project("{FAE04EC0-301F-11D3-BF4B-00C04F79EFBC}") = "mylib", "mylib\mylib.csproj", "{793FFC3D-8424-43C2-B71F-73559553D32B}"
EndProject
Project("{FAE04EC0-301F-11D3-BF4B-00C04F79EFBC}") = "roslynplay", "calltracer\roslynplay.csproj", "{1F72689E-3445-41BA-BA6C-BAB36DBE2071}"
EndProject
Global
	GlobalSection(SolutionConfigurationPlatforms) = preSolution
		Debug|Any CPU = Debug|Any CPU
		Release|Any CPU = Release|Any CPU
	EndGlobalSection
	GlobalSection(SolutionProperties) = preSolution
		HideSolutionNode = FALSE
	EndGlobalSection
	GlobalSection(ProjectConfigurationPlatforms) = postSolution
		{793FFC3D-8424-43C2-B71F-73559553D32B}.Debug|Any CPU.ActiveCfg = Debug|Any CPU
		{793FFC3D-8424-43C2-B71F-73559553D32B}.Debug|Any CPU.Build.0 = Debug|Any CPU
		{793FFC3D-8424-43C2-B71F-73559553D32B}.Release|Any CPU.ActiveCfg = Release|Any CPU
		{793FFC3D-8424-43C2-B71F-73559553D32B}.Release|Any CPU.Build.0 = Release|Any CPU
		{1F72689E-3445-41BA-BA6C-BAB36DBE2071}.Debug|Any CPU.ActiveCfg = Debug|Any CPU
		{1F72689E-3445-41BA-BA6C-BAB36DBE2071}.Debug|Any CPU.Build.0 = Debug|Any CPU
		{1F72689E-3445-41BA-BA6C-BAB36DBE2071}.Release|Any CPU.ActiveCfg = Release|Any CPU
		{1F72689E-3445-41BA-BA6C-BAB36DBE2071}.Release|Any CPU.Build.0 = Release|Any CPU
	EndGlobalSection
EndGlobal
